
Microsoft Visual Studio Solution File, Format Version 12.00
# Visual Studio Version 16
VisualStudioVersion = 16.0.34114.132
MinimumVisualStudioVersion = 10.0.40219.1
Project("{8BC9CEB8-8B4A-11D0-8D11-00A0C91BC942}") = "11-2", "11-2.vcxproj", "{F823F1EC-DCDC-422E-82F5-40CEF9669B0D}"
EndProject
Global
	GlobalSection(SolutionConfigurationPlatforms) = preSolution
		Debug|x64 = Debug|x64
		Debug|x86 = Debug|x86
		Release|x64 = Release|x64
		Release|x86 = Release|x86
	EndGlobalSection
	GlobalSection(ProjectConfigurationPlatforms) = postSolution
		{F823F1EC-DCDC-422E-82F5-40CEF9669B0D}.Debug|x64.ActiveCfg = Debug|x64
		{F823F1EC-DCDC-422E-82F5-40CEF9669B0D}.Debug|x64.Build.0 = Debug|x64
		{F823F1EC-DCDC-422E-82F5-40CEF9669B0D}.Debug|x86.ActiveCfg = Debug|Win32
		{F823F1EC-DCDC-422E-82F5-40CEF9669B0D}.Debug|x86.Build.0 = Debug|Win32
		{F823F1EC-DCDC-422E-82F5-40CEF9669B0D}.Release|x64.ActiveCfg = Release|x64
		{F823F1EC-DCDC-422E-82F5-40CEF9669B0D}.Release|x64.Build.0 = Release|x64
		{F823F1EC-DCDC-422E-82F5-40CEF9669B0D}.Release|x86.ActiveCfg = Release|Win32
		{F823F1EC-DCDC-422E-82F5-40CEF9669B0D}.Release|x86.Build.0 = Release|Win32
	EndGlobalSection
	GlobalSection(SolutionProperties) = preSolution
		HideSolutionNode = FALSE
	EndGlobalSection
	GlobalSection(ExtensibilityGlobals) = postSolution
		SolutionGuid = {DF132A67-F034-4365-A1DE-5219B074111A}
	EndGlobalSection
EndGlobal
